// !$*UTF8*$!
{
	archiveVersion = 1;
	classes = {
	};
	objectVersion = 46;
	objects = {

/* Begin PBXBuildFile section */
		0DF3DB271E814F890027A321 /* FZRDeleteNodeMutation.m in Sources */ = {isa = PBXBuildFile; fileRef = 6B87641E21B59E6FD23EF217 /* FZRDeleteNodeMutation.m */; };
		0DF3DB281E814F890027A321 /* FZRReplaceNodeMutation.m in Sources */ = {isa = PBXBuildFile; fileRef = 6B87664F901EF4B9F6271F49 /* FZRReplaceNodeMutation.m */; };
		0DF3DB291E814F890027A321 /* FZRMutationFactory.m in Sources */ = {isa = PBXBuildFile; fileRef = 46932F7E1C9FFA2D00B4903F /* FZRMutationFactory.m */; };
		0DF3DB2A1E814F890027A321 /* FZRNodeReplacement.m in Sources */ = {isa = PBXBuildFile; fileRef = 6B87609BA27EC2754EFE4B72 /* FZRNodeReplacement.m */; };
		0DF3DB2B1E814F890027A321 /* FZRReport.m in Sources */ = {isa = PBXBuildFile; fileRef = 6B876D71E7777910F7AF2D6A /* FZRReport.m */; };
		0DF3DB2C1E814F890027A321 /* FZRRunner.m in Sources */ = {isa = PBXBuildFile; fileRef = 6B8760EEF95C9B0D61EEAA31 /* FZRRunner.m */; };
		0DF3DB2F1E814F890027A321 /* FZRMutationFactory.h in Headers */ = {isa = PBXBuildFile; fileRef = 6B87621CDDA3856E6E3CF34F /* FZRMutationFactory.h */; settings = {ATTRIBUTES = (Public, ); }; };
		0DF3DB301E814F890027A321 /* FZRMutation.h in Headers */ = {isa = PBXBuildFile; fileRef = 6B87681319DA1072F4F59426 /* FZRMutation.h */; settings = {ATTRIBUTES = (Public, ); }; };
		0DF3DB311E814F890027A321 /* FZRNodeReplacement.h in Headers */ = {isa = PBXBuildFile; fileRef = 6B87649CEA878957F505C6AE /* FZRNodeReplacement.h */; settings = {ATTRIBUTES = (Public, ); }; };
		0DF3DB321E814F890027A321 /* FZRReport.h in Headers */ = {isa = PBXBuildFile; fileRef = 6B876EBA5CFF28D9A8CA710B /* FZRReport.h */; settings = {ATTRIBUTES = (Public, ); }; };
		0DF3DB331E814F890027A321 /* FZRRunner.h in Headers */ = {isa = PBXBuildFile; fileRef = 6B87632106630FAA28F252C6 /* FZRRunner.h */; settings = {ATTRIBUTES = (Public, ); }; };
		0DF3DB341E814F890027A321 /* FZRDeleteNodeMutation.h in Headers */ = {isa = PBXBuildFile; fileRef = 6B87680E869BB15D27780608 /* FZRDeleteNodeMutation.h */; settings = {ATTRIBUTES = (Private, ); }; };
		0DF3DB351E814F890027A321 /* Fuzzer.h in Headers */ = {isa = PBXBuildFile; fileRef = 46932F091C8ED95400B4903F /* Fuzzer.h */; settings = {ATTRIBUTES = (Public, ); }; };
		0DF3DB361E814F890027A321 /* FZRReplaceNodeMutation.h in Headers */ = {isa = PBXBuildFile; fileRef = 6B876477B311AC55E096226B /* FZRReplaceNodeMutation.h */; settings = {ATTRIBUTES = (Private, ); }; };
		46932F031C8E177200B4903F /* Fuzzer.framework in Frameworks */ = {isa = PBXBuildFile; fileRef = 46932EF21C8E175400B4903F /* Fuzzer.framework */; };
		46932F0A1C8ED98600B4903F /* Fuzzer.h in Headers */ = {isa = PBXBuildFile; fileRef = 46932F091C8ED95400B4903F /* Fuzzer.h */; settings = {ATTRIBUTES = (Public, ); }; };
		46932F7F1C9FFA2D00B4903F /* FZRMutationFactory.m in Sources */ = {isa = PBXBuildFile; fileRef = 46932F7E1C9FFA2D00B4903F /* FZRMutationFactory.m */; };
		6B87607551C936FC61E98BD7 /* FZRRunner.m in Sources */ = {isa = PBXBuildFile; fileRef = 6B8760EEF95C9B0D61EEAA31 /* FZRRunner.m */; };
		6B87608DD3921643F59EB9B9 /* FZRMutation.h in Headers */ = {isa = PBXBuildFile; fileRef = 6B87681319DA1072F4F59426 /* FZRMutation.h */; settings = {ATTRIBUTES = (Public, ); }; };
		6B876379FF5E338C0F60A10E /* ReplaceNodeMutationTests.m in Sources */ = {isa = PBXBuildFile; fileRef = 6B87680A8A44042F628E0159 /* ReplaceNodeMutationTests.m */; };
		6B87642E0D5E91906D83315F /* FZRReplaceNodeMutation.m in Sources */ = {isa = PBXBuildFile; fileRef = 6B87664F901EF4B9F6271F49 /* FZRReplaceNodeMutation.m */; };
		6B876525137568207B62CF72 /* FZRDeleteNodeMutation.m in Sources */ = {isa = PBXBuildFile; fileRef = 6B87641E21B59E6FD23EF217 /* FZRDeleteNodeMutation.m */; };
		6B87652D9BCE053DCED546A4 /* FZRReport.m in Sources */ = {isa = PBXBuildFile; fileRef = 6B876D71E7777910F7AF2D6A /* FZRReport.m */; };
		6B87657B17490FAD89855E94 /* FZRMutationFactory.h in Headers */ = {isa = PBXBuildFile; fileRef = 6B87621CDDA3856E6E3CF34F /* FZRMutationFactory.h */; settings = {ATTRIBUTES = (Public, ); }; };
		6B8765EBD63E2D51DE633138 /* FZRReplaceNodeMutation.h in Headers */ = {isa = PBXBuildFile; fileRef = 6B876477B311AC55E096226B /* FZRReplaceNodeMutation.h */; settings = {ATTRIBUTES = (Private, ); }; };
		6B876758A59EF3364E168825 /* FZRNodeReplacement.m in Sources */ = {isa = PBXBuildFile; fileRef = 6B87609BA27EC2754EFE4B72 /* FZRNodeReplacement.m */; };
		6B8767AB591ED57B7794B1B4 /* RunnerTests.m in Sources */ = {isa = PBXBuildFile; fileRef = 6B876290DB59DDE193054940 /* RunnerTests.m */; };
		6B8768A226C9A2A7D3345D1B /* FZRDeleteNodeMutation.h in Headers */ = {isa = PBXBuildFile; fileRef = 6B87680E869BB15D27780608 /* FZRDeleteNodeMutation.h */; settings = {ATTRIBUTES = (Private, ); }; };
		6B876A4A453725548741013D /* DeleteNodeMutationTests.m in Sources */ = {isa = PBXBuildFile; fileRef = 6B8765C661B120B05F887DBD /* DeleteNodeMutationTests.m */; };
		6B876B44ECA88266ABCF5024 /* FZRRunner.h in Headers */ = {isa = PBXBuildFile; fileRef = 6B87632106630FAA28F252C6 /* FZRRunner.h */; settings = {ATTRIBUTES = (Public, ); }; };
		6B876B8761CF35AD9F96200E /* FZRNodeReplacement.h in Headers */ = {isa = PBXBuildFile; fileRef = 6B87649CEA878957F505C6AE /* FZRNodeReplacement.h */; settings = {ATTRIBUTES = (Public, ); }; };
		6B876D1017D5A4800AB4E745 /* FZRReport.h in Headers */ = {isa = PBXBuildFile; fileRef = 6B876EBA5CFF28D9A8CA710B /* FZRReport.h */; settings = {ATTRIBUTES = (Public, ); }; };
		7EAD8C0B1E8FC26E004D7121 /* FZRDeleteNodeMutation.m in Sources */ = {isa = PBXBuildFile; fileRef = 6B87641E21B59E6FD23EF217 /* FZRDeleteNodeMutation.m */; };
		7EAD8C0C1E8FC26E004D7121 /* FZRReplaceNodeMutation.m in Sources */ = {isa = PBXBuildFile; fileRef = 6B87664F901EF4B9F6271F49 /* FZRReplaceNodeMutation.m */; };
		7EAD8C0D1E8FC26E004D7121 /* FZRNodeReplacement.m in Sources */ = {isa = PBXBuildFile; fileRef = 6B87609BA27EC2754EFE4B72 /* FZRNodeReplacement.m */; };
		7EAD8C0E1E8FC26E004D7121 /* FZRReport.m in Sources */ = {isa = PBXBuildFile; fileRef = 6B876D71E7777910F7AF2D6A /* FZRReport.m */; };
		7EAD8C0F1E8FC26E004D7121 /* FZRMutationFactory.m in Sources */ = {isa = PBXBuildFile; fileRef = 46932F7E1C9FFA2D00B4903F /* FZRMutationFactory.m */; };
		7EAD8C101E8FC26E004D7121 /* FZRRunner.m in Sources */ = {isa = PBXBuildFile; fileRef = 6B8760EEF95C9B0D61EEAA31 /* FZRRunner.m */; };
		7EAD8C181E8FC364004D7121 /* DeleteNodeMutationTests.m in Sources */ = {isa = PBXBuildFile; fileRef = 6B8765C661B120B05F887DBD /* DeleteNodeMutationTests.m */; };
		7EAD8C191E8FC364004D7121 /* ReplaceNodeMutationTests.m in Sources */ = {isa = PBXBuildFile; fileRef = 6B87680A8A44042F628E0159 /* ReplaceNodeMutationTests.m */; };
		7EAD8C1A1E8FC364004D7121 /* RunnerTests.m in Sources */ = {isa = PBXBuildFile; fileRef = 6B876290DB59DDE193054940 /* RunnerTests.m */; };
		7EAD8C251E8FC386004D7121 /* libFuzzer-lib-ios-static.a in Frameworks */ = {isa = PBXBuildFile; fileRef = 7EAD8C021E8FC215004D7121 /* libFuzzer-lib-ios-static.a */; };
		7EAD8C2A1E8FC5F8004D7121 /* DeleteNodeMutationTests.m in Sources */ = {isa = PBXBuildFile; fileRef = 6B8765C661B120B05F887DBD /* DeleteNodeMutationTests.m */; };
		7EAD8C2B1E8FC5F8004D7121 /* ReplaceNodeMutationTests.m in Sources */ = {isa = PBXBuildFile; fileRef = 6B87680A8A44042F628E0159 /* ReplaceNodeMutationTests.m */; };
		7EAD8C2C1E8FC5F8004D7121 /* RunnerTests.m in Sources */ = {isa = PBXBuildFile; fileRef = 6B876290DB59DDE193054940 /* RunnerTests.m */; };
		7EAD8C351E8FC629004D7121 /* Fuzzer.framework in Frameworks */ = {isa = PBXBuildFile; fileRef = 0DF3DB3B1E814F890027A321 /* Fuzzer.framework */; };
/* End PBXBuildFile section */

/* Begin PBXContainerItemProxy section */
		46932F041C8E177200B4903F /* PBXContainerItemProxy */ = {
			isa = PBXContainerItemProxy;
			containerPortal = 46932EDB1C8E146600B4903F /* Project object */;
			proxyType = 1;
			remoteGlobalIDString = 46932EF11C8E175400B4903F;
			remoteInfo = Mutation;
		};
		7EAD8C231E8FC382004D7121 /* PBXContainerItemProxy */ = {
			isa = PBXContainerItemProxy;
			containerPortal = 46932EDB1C8E146600B4903F /* Project object */;
			proxyType = 1;
			remoteGlobalIDString = 7EAD8C011E8FC215004D7121;
			remoteInfo = "Fuzzer-lib-ios-static";
		};
		7EAD8C361E8FC62D004D7121 /* PBXContainerItemProxy */ = {
			isa = PBXContainerItemProxy;
			containerPortal = 46932EDB1C8E146600B4903F /* Project object */;
			proxyType = 1;
			remoteGlobalIDString = 0DF3DB251E814F890027A321;
			remoteInfo = "Fuzzer-iOS-dynamic";
		};
/* End PBXContainerItemProxy section */

/* Begin PBXCopyFilesBuildPhase section */
		7EAD8C001E8FC215004D7121 /* CopyFiles */ = {
			isa = PBXCopyFilesBuildPhase;
			buildActionMask = 2147483647;
			dstPath = "include/$(PRODUCT_NAME)";
			dstSubfolderSpec = 16;
			files = (
			);
			runOnlyForDeploymentPostprocessing = 0;
		};
/* End PBXCopyFilesBuildPhase section */

/* Begin PBXFileReference section */
		0DF3DB3B1E814F890027A321 /* Fuzzer.framework */ = {isa = PBXFileReference; explicitFileType = wrapper.framework; includeInIndex = 0; path = Fuzzer.framework; sourceTree = BUILT_PRODUCTS_DIR; };
		0DF3DB3C1E814F890027A321 /* Fuzzer-ios-dynamic-Info.plist */ = {isa = PBXFileReference; lastKnownFileType = text.plist.xml; name = "Fuzzer-ios-dynamic-Info.plist"; path = "/Users/adodatko/projects/MonspaceVirtualHeaven/forks/Fuzzer-dodikk/Fuzzer-ios-dynamic-Info.plist"; sourceTree = "<absolute>"; };
		46932EF21C8E175400B4903F /* Fuzzer.framework */ = {isa = PBXFileReference; explicitFileType = wrapper.framework; includeInIndex = 0; path = Fuzzer.framework; sourceTree = BUILT_PRODUCTS_DIR; };
		46932EF61C8E175400B4903F /* Info.plist */ = {isa = PBXFileReference; lastKnownFileType = text.plist.xml; path = Info.plist; sourceTree = "<group>"; };
		46932EFE1C8E177200B4903F /* FuzzerTests.xctest */ = {isa = PBXFileReference; explicitFileType = wrapper.cfbundle; includeInIndex = 0; path = FuzzerTests.xctest; sourceTree = BUILT_PRODUCTS_DIR; };
		46932F021C8E177200B4903F /* Info.plist */ = {isa = PBXFileReference; lastKnownFileType = text.plist.xml; path = Info.plist; sourceTree = "<group>"; };
		46932F091C8ED95400B4903F /* Fuzzer.h */ = {isa = PBXFileReference; lastKnownFileType = sourcecode.c.h; path = Fuzzer.h; sourceTree = "<group>"; };
		46932F7E1C9FFA2D00B4903F /* FZRMutationFactory.m */ = {isa = PBXFileReference; fileEncoding = 4; lastKnownFileType = sourcecode.c.objc; path = FZRMutationFactory.m; sourceTree = "<group>"; };
		6B87609BA27EC2754EFE4B72 /* FZRNodeReplacement.m */ = {isa = PBXFileReference; fileEncoding = 4; lastKnownFileType = sourcecode.c.objc; path = FZRNodeReplacement.m; sourceTree = "<group>"; };
		6B8760EEF95C9B0D61EEAA31 /* FZRRunner.m */ = {isa = PBXFileReference; fileEncoding = 4; lastKnownFileType = sourcecode.c.objc; path = FZRRunner.m; sourceTree = "<group>"; };
		6B87621CDDA3856E6E3CF34F /* FZRMutationFactory.h */ = {isa = PBXFileReference; fileEncoding = 4; lastKnownFileType = sourcecode.c.h; path = FZRMutationFactory.h; sourceTree = "<group>"; };
		6B876290DB59DDE193054940 /* RunnerTests.m */ = {isa = PBXFileReference; fileEncoding = 4; lastKnownFileType = sourcecode.c.objc; path = RunnerTests.m; sourceTree = "<group>"; };
		6B87632106630FAA28F252C6 /* FZRRunner.h */ = {isa = PBXFileReference; fileEncoding = 4; lastKnownFileType = sourcecode.c.h; path = FZRRunner.h; sourceTree = "<group>"; };
		6B87641E21B59E6FD23EF217 /* FZRDeleteNodeMutation.m */ = {isa = PBXFileReference; fileEncoding = 4; lastKnownFileType = sourcecode.c.objc; path = FZRDeleteNodeMutation.m; sourceTree = "<group>"; };
		6B876477B311AC55E096226B /* FZRReplaceNodeMutation.h */ = {isa = PBXFileReference; fileEncoding = 4; lastKnownFileType = sourcecode.c.h; path = FZRReplaceNodeMutation.h; sourceTree = "<group>"; };
		6B87649CEA878957F505C6AE /* FZRNodeReplacement.h */ = {isa = PBXFileReference; fileEncoding = 4; lastKnownFileType = sourcecode.c.h; path = FZRNodeReplacement.h; sourceTree = "<group>"; };
		6B8765C661B120B05F887DBD /* DeleteNodeMutationTests.m */ = {isa = PBXFileReference; fileEncoding = 4; lastKnownFileType = sourcecode.c.objc; path = DeleteNodeMutationTests.m; sourceTree = "<group>"; };
		6B87664F901EF4B9F6271F49 /* FZRReplaceNodeMutation.m */ = {isa = PBXFileReference; fileEncoding = 4; lastKnownFileType = sourcecode.c.objc; path = FZRReplaceNodeMutation.m; sourceTree = "<group>"; };
		6B87680A8A44042F628E0159 /* ReplaceNodeMutationTests.m */ = {isa = PBXFileReference; fileEncoding = 4; lastKnownFileType = sourcecode.c.objc; path = ReplaceNodeMutationTests.m; sourceTree = "<group>"; };
		6B87680E869BB15D27780608 /* FZRDeleteNodeMutation.h */ = {isa = PBXFileReference; fileEncoding = 4; lastKnownFileType = sourcecode.c.h; path = FZRDeleteNodeMutation.h; sourceTree = "<group>"; };
		6B87681319DA1072F4F59426 /* FZRMutation.h */ = {isa = PBXFileReference; fileEncoding = 4; lastKnownFileType = sourcecode.c.h; path = FZRMutation.h; sourceTree = "<group>"; };
		6B876D71E7777910F7AF2D6A /* FZRReport.m */ = {isa = PBXFileReference; fileEncoding = 4; lastKnownFileType = sourcecode.c.objc; path = FZRReport.m; sourceTree = "<group>"; };
		6B876EBA5CFF28D9A8CA710B /* FZRReport.h */ = {isa = PBXFileReference; fileEncoding = 4; lastKnownFileType = sourcecode.c.h; path = FZRReport.h; sourceTree = "<group>"; };
		7EAD8C021E8FC215004D7121 /* libFuzzer-lib-ios-static.a */ = {isa = PBXFileReference; explicitFileType = archive.ar; includeInIndex = 0; path = "libFuzzer-lib-ios-static.a"; sourceTree = BUILT_PRODUCTS_DIR; };
		7EAD8C211E8FC364004D7121 /* FuzzerTests-ios-static-lib.xctest */ = {isa = PBXFileReference; explicitFileType = wrapper.cfbundle; includeInIndex = 0; path = "FuzzerTests-ios-static-lib.xctest"; sourceTree = BUILT_PRODUCTS_DIR; };
		7EAD8C221E8FC364004D7121 /* FuzzerTests-ios-static-lib-Info.plist */ = {isa = PBXFileReference; lastKnownFileType = text.plist.xml; name = "FuzzerTests-ios-static-lib-Info.plist"; path = "/Users/dodikk/projects/opensource/Fuzzer/FuzzerTests-ios-static-lib-Info.plist"; sourceTree = "<absolute>"; };
		7EAD8C331E8FC5F8004D7121 /* FuzzerTests-ios-dynamic.xctest */ = {isa = PBXFileReference; explicitFileType = wrapper.cfbundle; includeInIndex = 0; path = "FuzzerTests-ios-dynamic.xctest"; sourceTree = BUILT_PRODUCTS_DIR; };
		7EAD8C341E8FC5F8004D7121 /* FuzzerTests-ios-dynamic-Info.plist */ = {isa = PBXFileReference; lastKnownFileType = text.plist.xml; name = "FuzzerTests-ios-dynamic-Info.plist"; path = "/Users/dodikk/projects/opensource/Fuzzer/FuzzerTests-ios-dynamic-Info.plist"; sourceTree = "<absolute>"; };
/* End PBXFileReference section */

/* Begin PBXFrameworksBuildPhase section */
		0DF3DB2D1E814F890027A321 /* Frameworks */ = {
			isa = PBXFrameworksBuildPhase;
			buildActionMask = 2147483647;
			files = (
			);
			runOnlyForDeploymentPostprocessing = 0;
		};
		46932EEE1C8E175400B4903F /* Frameworks */ = {
			isa = PBXFrameworksBuildPhase;
			buildActionMask = 2147483647;
			files = (
			);
			runOnlyForDeploymentPostprocessing = 0;
		};
		46932EFB1C8E177200B4903F /* Frameworks */ = {
			isa = PBXFrameworksBuildPhase;
			buildActionMask = 2147483647;
			files = (
				46932F031C8E177200B4903F /* Fuzzer.framework in Frameworks */,
			);
			runOnlyForDeploymentPostprocessing = 0;
		};
		7EAD8BFF1E8FC215004D7121 /* Frameworks */ = {
			isa = PBXFrameworksBuildPhase;
			buildActionMask = 2147483647;
			files = (
			);
			runOnlyForDeploymentPostprocessing = 0;
		};
		7EAD8C1B1E8FC364004D7121 /* Frameworks */ = {
			isa = PBXFrameworksBuildPhase;
			buildActionMask = 2147483647;
			files = (
				7EAD8C251E8FC386004D7121 /* libFuzzer-lib-ios-static.a in Frameworks */,
			);
			runOnlyForDeploymentPostprocessing = 0;
		};
		7EAD8C2D1E8FC5F8004D7121 /* Frameworks */ = {
			isa = PBXFrameworksBuildPhase;
			buildActionMask = 2147483647;
			files = (
				7EAD8C351E8FC629004D7121 /* Fuzzer.framework in Frameworks */,
			);
			runOnlyForDeploymentPostprocessing = 0;
		};
/* End PBXFrameworksBuildPhase section */

/* Begin PBXGroup section */
		46932EDA1C8E146600B4903F = {
			isa = PBXGroup;
			children = (
				46932EF31C8E175400B4903F /* Fuzzer */,
				46932EFF1C8E177200B4903F /* FuzzerTests */,
				46932EE41C8E146600B4903F /* Products */,
				0DF3DB3C1E814F890027A321 /* Fuzzer-ios-dynamic-Info.plist */,
				7EAD8C221E8FC364004D7121 /* FuzzerTests-ios-static-lib-Info.plist */,
				7EAD8C341E8FC5F8004D7121 /* FuzzerTests-ios-dynamic-Info.plist */,
			);
			sourceTree = "<group>";
		};
		46932EE41C8E146600B4903F /* Products */ = {
			isa = PBXGroup;
			children = (
				46932EF21C8E175400B4903F /* Fuzzer.framework */,
				46932EFE1C8E177200B4903F /* FuzzerTests.xctest */,
				0DF3DB3B1E814F890027A321 /* Fuzzer.framework */,
				7EAD8C021E8FC215004D7121 /* libFuzzer-lib-ios-static.a */,
				7EAD8C211E8FC364004D7121 /* FuzzerTests-ios-static-lib.xctest */,
				7EAD8C331E8FC5F8004D7121 /* FuzzerTests-ios-dynamic.xctest */,
			);
			name = Products;
			sourceTree = "<group>";
		};
		46932EF31C8E175400B4903F /* Fuzzer */ = {
			isa = PBXGroup;
			children = (
				46932F091C8ED95400B4903F /* Fuzzer.h */,
				46932EF61C8E175400B4903F /* Info.plist */,
				6B876B5880FE64F0776CDDBA /* Mutations */,
				6B876CFE3D5EF9DAC60989BB /* Replacements */,
				6B876BA8F70122898C7114B9 /* Reports */,
				6B8761752658B82948D1F631 /* Factories */,
				6B876CEC508E843FA44CB5FB /* Runners */,
			);
			path = Fuzzer;
			sourceTree = "<group>";
		};
		46932EFF1C8E177200B4903F /* FuzzerTests */ = {
			isa = PBXGroup;
			children = (
				46932F021C8E177200B4903F /* Info.plist */,
				6B8769D0E633E66D29E666E4 /* Mutations */,
				6B876D23512817D9CA836467 /* Runner */,
			);
			path = FuzzerTests;
			sourceTree = "<group>";
		};
		6B8761752658B82948D1F631 /* Factories */ = {
			isa = PBXGroup;
			children = (
				6B87621CDDA3856E6E3CF34F /* FZRMutationFactory.h */,
				46932F7E1C9FFA2D00B4903F /* FZRMutationFactory.m */,
			);
			path = Factories;
			sourceTree = "<group>";
		};
		6B8769D0E633E66D29E666E4 /* Mutations */ = {
			isa = PBXGroup;
			children = (
				6B8765C661B120B05F887DBD /* DeleteNodeMutationTests.m */,
				6B87680A8A44042F628E0159 /* ReplaceNodeMutationTests.m */,
			);
			path = Mutations;
			sourceTree = "<group>";
		};
		6B876B5880FE64F0776CDDBA /* Mutations */ = {
			isa = PBXGroup;
			children = (
				6B87681319DA1072F4F59426 /* FZRMutation.h */,
				6B87680E869BB15D27780608 /* FZRDeleteNodeMutation.h */,
				6B87641E21B59E6FD23EF217 /* FZRDeleteNodeMutation.m */,
				6B876477B311AC55E096226B /* FZRReplaceNodeMutation.h */,
				6B87664F901EF4B9F6271F49 /* FZRReplaceNodeMutation.m */,
			);
			path = Mutations;
			sourceTree = "<group>";
		};
		6B876BA8F70122898C7114B9 /* Reports */ = {
			isa = PBXGroup;
			children = (
				6B876D71E7777910F7AF2D6A /* FZRReport.m */,
				6B876EBA5CFF28D9A8CA710B /* FZRReport.h */,
			);
			path = Reports;
			sourceTree = "<group>";
		};
		6B876CEC508E843FA44CB5FB /* Runners */ = {
			isa = PBXGroup;
			children = (
				6B87632106630FAA28F252C6 /* FZRRunner.h */,
				6B8760EEF95C9B0D61EEAA31 /* FZRRunner.m */,
			);
			path = Runners;
			sourceTree = "<group>";
		};
		6B876CFE3D5EF9DAC60989BB /* Replacements */ = {
			isa = PBXGroup;
			children = (
				6B87649CEA878957F505C6AE /* FZRNodeReplacement.h */,
				6B87609BA27EC2754EFE4B72 /* FZRNodeReplacement.m */,
			);
			path = Replacements;
			sourceTree = "<group>";
		};
		6B876D23512817D9CA836467 /* Runner */ = {
			isa = PBXGroup;
			children = (
				6B876290DB59DDE193054940 /* RunnerTests.m */,
			);
			path = Runner;
			sourceTree = "<group>";
		};
/* End PBXGroup section */

/* Begin PBXHeadersBuildPhase section */
		0DF3DB2E1E814F890027A321 /* Headers */ = {
			isa = PBXHeadersBuildPhase;
			buildActionMask = 2147483647;
			files = (
				0DF3DB2F1E814F890027A321 /* FZRMutationFactory.h in Headers */,
				0DF3DB301E814F890027A321 /* FZRMutation.h in Headers */,
				0DF3DB311E814F890027A321 /* FZRNodeReplacement.h in Headers */,
				0DF3DB321E814F890027A321 /* FZRReport.h in Headers */,
				0DF3DB331E814F890027A321 /* FZRRunner.h in Headers */,
				0DF3DB341E814F890027A321 /* FZRDeleteNodeMutation.h in Headers */,
				0DF3DB351E814F890027A321 /* Fuzzer.h in Headers */,
				0DF3DB361E814F890027A321 /* FZRReplaceNodeMutation.h in Headers */,
			);
			runOnlyForDeploymentPostprocessing = 0;
		};
		46932EEF1C8E175400B4903F /* Headers */ = {
			isa = PBXHeadersBuildPhase;
			buildActionMask = 2147483647;
			files = (
				6B87657B17490FAD89855E94 /* FZRMutationFactory.h in Headers */,
				6B87608DD3921643F59EB9B9 /* FZRMutation.h in Headers */,
				6B876B8761CF35AD9F96200E /* FZRNodeReplacement.h in Headers */,
				6B876D1017D5A4800AB4E745 /* FZRReport.h in Headers */,
				6B876B44ECA88266ABCF5024 /* FZRRunner.h in Headers */,
				6B8768A226C9A2A7D3345D1B /* FZRDeleteNodeMutation.h in Headers */,
				46932F0A1C8ED98600B4903F /* Fuzzer.h in Headers */,
				6B8765EBD63E2D51DE633138 /* FZRReplaceNodeMutation.h in Headers */,
			);
			runOnlyForDeploymentPostprocessing = 0;
		};
/* End PBXHeadersBuildPhase section */

/* Begin PBXNativeTarget section */
		0DF3DB251E814F890027A321 /* Fuzzer-iOS-dynamic */ = {
			isa = PBXNativeTarget;
			buildConfigurationList = 0DF3DB381E814F890027A321 /* Build configuration list for PBXNativeTarget "Fuzzer-iOS-dynamic" */;
			buildPhases = (
				0DF3DB261E814F890027A321 /* Sources */,
				0DF3DB2D1E814F890027A321 /* Frameworks */,
				0DF3DB2E1E814F890027A321 /* Headers */,
				0DF3DB371E814F890027A321 /* Resources */,
			);
			buildRules = (
			);
			dependencies = (
			);
			name = "Fuzzer-iOS-dynamic";
			productName = Mutation;
			productReference = 0DF3DB3B1E814F890027A321 /* Fuzzer.framework */;
			productType = "com.apple.product-type.framework";
		};
		46932EF11C8E175400B4903F /* Fuzzer */ = {
			isa = PBXNativeTarget;
			buildConfigurationList = 46932EF71C8E175400B4903F /* Build configuration list for PBXNativeTarget "Fuzzer" */;
			buildPhases = (
				46932EED1C8E175400B4903F /* Sources */,
				46932EEE1C8E175400B4903F /* Frameworks */,
				46932EEF1C8E175400B4903F /* Headers */,
				46932EF01C8E175400B4903F /* Resources */,
			);
			buildRules = (
			);
			dependencies = (
			);
			name = Fuzzer;
			productName = Mutation;
			productReference = 46932EF21C8E175400B4903F /* Fuzzer.framework */;
			productType = "com.apple.product-type.framework";
		};
		46932EFD1C8E177200B4903F /* FuzzerTests */ = {
			isa = PBXNativeTarget;
			buildConfigurationList = 46932F061C8E177200B4903F /* Build configuration list for PBXNativeTarget "FuzzerTests" */;
			buildPhases = (
				46932EFA1C8E177200B4903F /* Sources */,
				46932EFB1C8E177200B4903F /* Frameworks */,
				46932EFC1C8E177200B4903F /* Resources */,
			);
			buildRules = (
			);
			dependencies = (
				46932F051C8E177200B4903F /* PBXTargetDependency */,
			);
			name = FuzzerTests;
			productName = MutationTests;
			productReference = 46932EFE1C8E177200B4903F /* FuzzerTests.xctest */;
			productType = "com.apple.product-type.bundle.unit-test";
		};
		7EAD8C011E8FC215004D7121 /* Fuzzer-lib-ios-static */ = {
			isa = PBXNativeTarget;
			buildConfigurationList = 7EAD8C0A1E8FC216004D7121 /* Build configuration list for PBXNativeTarget "Fuzzer-lib-ios-static" */;
			buildPhases = (
				7EAD8BFE1E8FC215004D7121 /* Sources */,
				7EAD8BFF1E8FC215004D7121 /* Frameworks */,
				7EAD8C001E8FC215004D7121 /* CopyFiles */,
			);
			buildRules = (
			);
			dependencies = (
			);
			name = "Fuzzer-lib-ios-static";
			productName = "Fuzzer-lib-ios-static";
			productReference = 7EAD8C021E8FC215004D7121 /* libFuzzer-lib-ios-static.a */;
			productType = "com.apple.product-type.library.static";
		};
		7EAD8C141E8FC364004D7121 /* FuzzerTests-ios-static-lib */ = {
			isa = PBXNativeTarget;
			buildConfigurationList = 7EAD8C1E1E8FC364004D7121 /* Build configuration list for PBXNativeTarget "FuzzerTests-ios-static-lib" */;
			buildPhases = (
				7EAD8C171E8FC364004D7121 /* Sources */,
				7EAD8C1B1E8FC364004D7121 /* Frameworks */,
				7EAD8C1D1E8FC364004D7121 /* Resources */,
			);
			buildRules = (
			);
			dependencies = (
				7EAD8C241E8FC382004D7121 /* PBXTargetDependency */,
			);
			name = "FuzzerTests-ios-static-lib";
			productName = MutationTests;
			productReference = 7EAD8C211E8FC364004D7121 /* FuzzerTests-ios-static-lib.xctest */;
			productType = "com.apple.product-type.bundle.unit-test";
		};
		7EAD8C261E8FC5F8004D7121 /* FuzzerTests-ios-dynamic */ = {
			isa = PBXNativeTarget;
			buildConfigurationList = 7EAD8C301E8FC5F8004D7121 /* Build configuration list for PBXNativeTarget "FuzzerTests-ios-dynamic" */;
			buildPhases = (
				7EAD8C291E8FC5F8004D7121 /* Sources */,
				7EAD8C2D1E8FC5F8004D7121 /* Frameworks */,
				7EAD8C2F1E8FC5F8004D7121 /* Resources */,
			);
			buildRules = (
			);
			dependencies = (
				7EAD8C371E8FC62D004D7121 /* PBXTargetDependency */,
			);
			name = "FuzzerTests-ios-dynamic";
			productName = MutationTests;
			productReference = 7EAD8C331E8FC5F8004D7121 /* FuzzerTests-ios-dynamic.xctest */;
			productType = "com.apple.product-type.bundle.unit-test";
		};
/* End PBXNativeTarget section */

/* Begin PBXProject section */
		46932EDB1C8E146600B4903F /* Project object */ = {
			isa = PBXProject;
			attributes = {
				CLASSPREFIX = FZR;
				LastUpgradeCheck = 0720;
				ORGANIZATIONNAME = lowlevelbits;
				TargetAttributes = {
					46932EF11C8E175400B4903F = {
						CreatedOnToolsVersion = 7.2.1;
					};
					46932EFD1C8E177200B4903F = {
						CreatedOnToolsVersion = 7.2.1;
					};
					7EAD8C011E8FC215004D7121 = {
						CreatedOnToolsVersion = 7.3.1;
					};
				};
			};
			buildConfigurationList = 46932EDE1C8E146600B4903F /* Build configuration list for PBXProject "Fuzzer" */;
			compatibilityVersion = "Xcode 3.2";
			developmentRegion = English;
			hasScannedForEncodings = 0;
			knownRegions = (
				en,
			);
			mainGroup = 46932EDA1C8E146600B4903F;
			productRefGroup = 46932EE41C8E146600B4903F /* Products */;
			projectDirPath = "";
			projectRoot = "";
			targets = (
				46932EF11C8E175400B4903F /* Fuzzer */,
				46932EFD1C8E177200B4903F /* FuzzerTests */,
				0DF3DB251E814F890027A321 /* Fuzzer-iOS-dynamic */,
				7EAD8C011E8FC215004D7121 /* Fuzzer-lib-ios-static */,
				7EAD8C141E8FC364004D7121 /* FuzzerTests-ios-static-lib */,
				7EAD8C261E8FC5F8004D7121 /* FuzzerTests-ios-dynamic */,
			);
		};
/* End PBXProject section */

/* Begin PBXResourcesBuildPhase section */
		0DF3DB371E814F890027A321 /* Resources */ = {
			isa = PBXResourcesBuildPhase;
			buildActionMask = 2147483647;
			files = (
			);
			runOnlyForDeploymentPostprocessing = 0;
		};
		46932EF01C8E175400B4903F /* Resources */ = {
			isa = PBXResourcesBuildPhase;
			buildActionMask = 2147483647;
			files = (
			);
			runOnlyForDeploymentPostprocessing = 0;
		};
		46932EFC1C8E177200B4903F /* Resources */ = {
			isa = PBXResourcesBuildPhase;
			buildActionMask = 2147483647;
			files = (
			);
			runOnlyForDeploymentPostprocessing = 0;
		};
		7EAD8C1D1E8FC364004D7121 /* Resources */ = {
			isa = PBXResourcesBuildPhase;
			buildActionMask = 2147483647;
			files = (
			);
			runOnlyForDeploymentPostprocessing = 0;
		};
		7EAD8C2F1E8FC5F8004D7121 /* Resources */ = {
			isa = PBXResourcesBuildPhase;
			buildActionMask = 2147483647;
			files = (
			);
			runOnlyForDeploymentPostprocessing = 0;
		};
/* End PBXResourcesBuildPhase section */

/* Begin PBXSourcesBuildPhase section */
		0DF3DB261E814F890027A321 /* Sources */ = {
			isa = PBXSourcesBuildPhase;
			buildActionMask = 2147483647;
			files = (
				0DF3DB271E814F890027A321 /* FZRDeleteNodeMutation.m in Sources */,
				0DF3DB281E814F890027A321 /* FZRReplaceNodeMutation.m in Sources */,
				0DF3DB291E814F890027A321 /* FZRMutationFactory.m in Sources */,
				0DF3DB2A1E814F890027A321 /* FZRNodeReplacement.m in Sources */,
				0DF3DB2B1E814F890027A321 /* FZRReport.m in Sources */,
				0DF3DB2C1E814F890027A321 /* FZRRunner.m in Sources */,
			);
			runOnlyForDeploymentPostprocessing = 0;
		};
		46932EED1C8E175400B4903F /* Sources */ = {
			isa = PBXSourcesBuildPhase;
			buildActionMask = 2147483647;
			files = (
				6B876525137568207B62CF72 /* FZRDeleteNodeMutation.m in Sources */,
				6B87642E0D5E91906D83315F /* FZRReplaceNodeMutation.m in Sources */,
				46932F7F1C9FFA2D00B4903F /* FZRMutationFactory.m in Sources */,
				6B876758A59EF3364E168825 /* FZRNodeReplacement.m in Sources */,
				6B87652D9BCE053DCED546A4 /* FZRReport.m in Sources */,
				6B87607551C936FC61E98BD7 /* FZRRunner.m in Sources */,
			);
			runOnlyForDeploymentPostprocessing = 0;
		};
		46932EFA1C8E177200B4903F /* Sources */ = {
			isa = PBXSourcesBuildPhase;
			buildActionMask = 2147483647;
			files = (
				6B876A4A453725548741013D /* DeleteNodeMutationTests.m in Sources */,
				6B876379FF5E338C0F60A10E /* ReplaceNodeMutationTests.m in Sources */,
				6B8767AB591ED57B7794B1B4 /* RunnerTests.m in Sources */,
			);
			runOnlyForDeploymentPostprocessing = 0;
		};
		7EAD8BFE1E8FC215004D7121 /* Sources */ = {
			isa = PBXSourcesBuildPhase;
			buildActionMask = 2147483647;
			files = (
				7EAD8C101E8FC26E004D7121 /* FZRRunner.m in Sources */,
				7EAD8C0E1E8FC26E004D7121 /* FZRReport.m in Sources */,
				7EAD8C0F1E8FC26E004D7121 /* FZRMutationFactory.m in Sources */,
				7EAD8C0D1E8FC26E004D7121 /* FZRNodeReplacement.m in Sources */,
				7EAD8C0C1E8FC26E004D7121 /* FZRReplaceNodeMutation.m in Sources */,
				7EAD8C0B1E8FC26E004D7121 /* FZRDeleteNodeMutation.m in Sources */,
			);
			runOnlyForDeploymentPostprocessing = 0;
		};
		7EAD8C171E8FC364004D7121 /* Sources */ = {
			isa = PBXSourcesBuildPhase;
			buildActionMask = 2147483647;
			files = (
				7EAD8C181E8FC364004D7121 /* DeleteNodeMutationTests.m in Sources */,
				7EAD8C191E8FC364004D7121 /* ReplaceNodeMutationTests.m in Sources */,
				7EAD8C1A1E8FC364004D7121 /* RunnerTests.m in Sources */,
			);
			runOnlyForDeploymentPostprocessing = 0;
		};
		7EAD8C291E8FC5F8004D7121 /* Sources */ = {
			isa = PBXSourcesBuildPhase;
			buildActionMask = 2147483647;
			files = (
				7EAD8C2A1E8FC5F8004D7121 /* DeleteNodeMutationTests.m in Sources */,
				7EAD8C2B1E8FC5F8004D7121 /* ReplaceNodeMutationTests.m in Sources */,
				7EAD8C2C1E8FC5F8004D7121 /* RunnerTests.m in Sources */,
			);
			runOnlyForDeploymentPostprocessing = 0;
		};
/* End PBXSourcesBuildPhase section */

/* Begin PBXTargetDependency section */
		46932F051C8E177200B4903F /* PBXTargetDependency */ = {
			isa = PBXTargetDependency;
			target = 46932EF11C8E175400B4903F /* Fuzzer */;
			targetProxy = 46932F041C8E177200B4903F /* PBXContainerItemProxy */;
		};
		7EAD8C241E8FC382004D7121 /* PBXTargetDependency */ = {
			isa = PBXTargetDependency;
			target = 7EAD8C011E8FC215004D7121 /* Fuzzer-lib-ios-static */;
			targetProxy = 7EAD8C231E8FC382004D7121 /* PBXContainerItemProxy */;
		};
		7EAD8C371E8FC62D004D7121 /* PBXTargetDependency */ = {
			isa = PBXTargetDependency;
			target = 0DF3DB251E814F890027A321 /* Fuzzer-iOS-dynamic */;
			targetProxy = 7EAD8C361E8FC62D004D7121 /* PBXContainerItemProxy */;
		};
/* End PBXTargetDependency section */

/* Begin XCBuildConfiguration section */
		0DF3DB391E814F890027A321 /* Debug */ = {
			isa = XCBuildConfiguration;
			buildSettings = {
				COMBINE_HIDPI_IMAGES = YES;
				CURRENT_PROJECT_VERSION = 0.3.0;
				DEFINES_MODULE = YES;
				DYLIB_INSTALL_NAME_BASE = "@rpath";
				FRAMEWORK_VERSION = A;
				INFOPLIST_FILE = "Fuzzer-ios-dynamic-Info.plist";
				INSTALL_PATH = "$(LOCAL_LIBRARY_DIR)/Frameworks";
				IPHONEOS_DEPLOYMENT_TARGET = 8.0;
				MACH_O_TYPE = mh_dylib;
				PRODUCT_BUNDLE_IDENTIFIER = org.lowlevelbits.Fuzzer;
				PRODUCT_NAME = Fuzzer;
				SDKROOT = iphoneos;
				SKIP_INSTALL = YES;
				VERSIONING_SYSTEM = "apple-generic";
				VERSION_INFO_PREFIX = "";
			};
			name = Debug;
		};
		0DF3DB3A1E814F890027A321 /* Release */ = {
			isa = XCBuildConfiguration;
			buildSettings = {
				COMBINE_HIDPI_IMAGES = YES;
				CURRENT_PROJECT_VERSION = 0.3.0;
				DEFINES_MODULE = YES;
				DYLIB_INSTALL_NAME_BASE = "@rpath";
				FRAMEWORK_VERSION = A;
				INFOPLIST_FILE = "Fuzzer-ios-dynamic-Info.plist";
				INSTALL_PATH = "$(LOCAL_LIBRARY_DIR)/Frameworks";
				IPHONEOS_DEPLOYMENT_TARGET = 8.0;
				MACH_O_TYPE = mh_dylib;
				PRODUCT_BUNDLE_IDENTIFIER = org.lowlevelbits.Fuzzer;
				PRODUCT_NAME = Fuzzer;
				SDKROOT = iphoneos;
				SKIP_INSTALL = YES;
				VERSIONING_SYSTEM = "apple-generic";
				VERSION_INFO_PREFIX = "";
			};
			name = Release;
		};
		46932EE81C8E146600B4903F /* Debug */ = {
			isa = XCBuildConfiguration;
			buildSettings = {
				ALWAYS_SEARCH_USER_PATHS = NO;
				CLANG_ANALYZER_NONNULL = YES;
				CLANG_ANALYZER_SECURITY_INSECUREAPI_RAND = YES;
				CLANG_ANALYZER_SECURITY_INSECUREAPI_STRCPY = YES;
				CLANG_CXX_LANGUAGE_STANDARD = "gnu++0x";
				CLANG_CXX_LIBRARY = "libc++";
				CLANG_ENABLE_MODULES = YES;
				CLANG_ENABLE_OBJC_ARC = YES;
				CLANG_WARN_ASSIGN_ENUM = YES;
				CLANG_WARN_BOOL_CONVERSION = YES;
				CLANG_WARN_CONSTANT_CONVERSION = YES;
				CLANG_WARN_CXX0X_EXTENSIONS = YES;
				CLANG_WARN_DIRECT_OBJC_ISA_USAGE = YES_ERROR;
				CLANG_WARN_EMPTY_BODY = YES;
				CLANG_WARN_ENUM_CONVERSION = YES;
				CLANG_WARN_IMPLICIT_SIGN_CONVERSION = YES;
				CLANG_WARN_INT_CONVERSION = YES;
				CLANG_WARN_NULLABLE_TO_NONNULL_CONVERSION = YES;
				CLANG_WARN_OBJC_IMPLICIT_ATOMIC_PROPERTIES = YES;
				CLANG_WARN_OBJC_IMPLICIT_RETAIN_SELF = YES;
				CLANG_WARN_OBJC_REPEATED_USE_OF_WEAK = YES;
				CLANG_WARN_OBJC_ROOT_CLASS = YES_ERROR;
				CLANG_WARN_SUSPICIOUS_IMPLICIT_CONVERSION = YES;
				CLANG_WARN_UNREACHABLE_CODE = YES;
				CLANG_WARN__DUPLICATE_METHOD_MATCH = YES;
				CODE_SIGN_IDENTITY = "";
				COPY_PHASE_STRIP = NO;
				DEBUG_INFORMATION_FORMAT = dwarf;
				ENABLE_STRICT_OBJC_MSGSEND = YES;
				ENABLE_TESTABILITY = YES;
				GCC_C_LANGUAGE_STANDARD = gnu99;
				GCC_DYNAMIC_NO_PIC = NO;
				GCC_NO_COMMON_BLOCKS = YES;
				GCC_OPTIMIZATION_LEVEL = 0;
				GCC_PREPROCESSOR_DEFINITIONS = (
					"DEBUG=1",
					"$(inherited)",
				);
				GCC_TREAT_IMPLICIT_FUNCTION_DECLARATIONS_AS_ERRORS = YES;
				GCC_TREAT_INCOMPATIBLE_POINTER_TYPE_WARNINGS_AS_ERRORS = YES;
				GCC_TREAT_WARNINGS_AS_ERRORS = YES;
				GCC_WARN_64_TO_32_BIT_CONVERSION = YES;
				GCC_WARN_ABOUT_MISSING_NEWLINE = YES;
				GCC_WARN_ABOUT_MISSING_PROTOTYPES = YES;
				GCC_WARN_ABOUT_RETURN_TYPE = YES_ERROR;
				GCC_WARN_NON_VIRTUAL_DESTRUCTOR = YES;
				GCC_WARN_SIGN_COMPARE = YES;
				GCC_WARN_UNDECLARED_SELECTOR = YES;
				GCC_WARN_UNINITIALIZED_AUTOS = YES_AGGRESSIVE;
				GCC_WARN_UNUSED_FUNCTION = YES;
				GCC_WARN_UNUSED_VARIABLE = YES;
				MACOSX_DEPLOYMENT_TARGET = 10.11;
				MTL_ENABLE_DEBUG_INFO = YES;
				ONLY_ACTIVE_ARCH = YES;
				SDKROOT = macosx;
			};
			name = Debug;
		};
		46932EE91C8E146600B4903F /* Release */ = {
			isa = XCBuildConfiguration;
			buildSettings = {
				ALWAYS_SEARCH_USER_PATHS = NO;
				CLANG_ANALYZER_NONNULL = YES;
				CLANG_ANALYZER_SECURITY_INSECUREAPI_RAND = YES;
				CLANG_ANALYZER_SECURITY_INSECUREAPI_STRCPY = YES;
				CLANG_CXX_LANGUAGE_STANDARD = "gnu++0x";
				CLANG_CXX_LIBRARY = "libc++";
				CLANG_ENABLE_MODULES = YES;
				CLANG_ENABLE_OBJC_ARC = YES;
				CLANG_WARN_ASSIGN_ENUM = YES;
				CLANG_WARN_BOOL_CONVERSION = YES;
				CLANG_WARN_CONSTANT_CONVERSION = YES;
				CLANG_WARN_CXX0X_EXTENSIONS = YES;
				CLANG_WARN_DIRECT_OBJC_ISA_USAGE = YES_ERROR;
				CLANG_WARN_EMPTY_BODY = YES;
				CLANG_WARN_ENUM_CONVERSION = YES;
				CLANG_WARN_IMPLICIT_SIGN_CONVERSION = YES;
				CLANG_WARN_INT_CONVERSION = YES;
				CLANG_WARN_NULLABLE_TO_NONNULL_CONVERSION = YES;
				CLANG_WARN_OBJC_IMPLICIT_ATOMIC_PROPERTIES = YES;
				CLANG_WARN_OBJC_IMPLICIT_RETAIN_SELF = YES;
				CLANG_WARN_OBJC_REPEATED_USE_OF_WEAK = YES;
				CLANG_WARN_OBJC_ROOT_CLASS = YES_ERROR;
				CLANG_WARN_SUSPICIOUS_IMPLICIT_CONVERSION = YES;
				CLANG_WARN_UNREACHABLE_CODE = YES;
				CLANG_WARN__DUPLICATE_METHOD_MATCH = YES;
				CODE_SIGN_IDENTITY = "";
				COPY_PHASE_STRIP = NO;
				DEBUG_INFORMATION_FORMAT = "dwarf-with-dsym";
				ENABLE_NS_ASSERTIONS = NO;
				ENABLE_STRICT_OBJC_MSGSEND = YES;
				GCC_C_LANGUAGE_STANDARD = gnu99;
				GCC_NO_COMMON_BLOCKS = YES;
				GCC_TREAT_IMPLICIT_FUNCTION_DECLARATIONS_AS_ERRORS = YES;
				GCC_TREAT_INCOMPATIBLE_POINTER_TYPE_WARNINGS_AS_ERRORS = YES;
				GCC_TREAT_WARNINGS_AS_ERRORS = YES;
				GCC_WARN_64_TO_32_BIT_CONVERSION = YES;
				GCC_WARN_ABOUT_MISSING_NEWLINE = YES;
				GCC_WARN_ABOUT_MISSING_PROTOTYPES = YES;
				GCC_WARN_ABOUT_RETURN_TYPE = YES_ERROR;
				GCC_WARN_NON_VIRTUAL_DESTRUCTOR = YES;
				GCC_WARN_SIGN_COMPARE = YES;
				GCC_WARN_UNDECLARED_SELECTOR = YES;
				GCC_WARN_UNINITIALIZED_AUTOS = YES_AGGRESSIVE;
				GCC_WARN_UNUSED_FUNCTION = YES;
				GCC_WARN_UNUSED_VARIABLE = YES;
				MACOSX_DEPLOYMENT_TARGET = 10.11;
				MTL_ENABLE_DEBUG_INFO = NO;
				SDKROOT = macosx;
			};
			name = Release;
		};
		46932EF81C8E175400B4903F /* Debug */ = {
			isa = XCBuildConfiguration;
			buildSettings = {
				CODE_SIGN_IDENTITY = "-";
				COMBINE_HIDPI_IMAGES = YES;
				CURRENT_PROJECT_VERSION = 0.3.0;
				DEFINES_MODULE = YES;
				FRAMEWORK_VERSION = A;
				INFOPLIST_FILE = Fuzzer/Info.plist;
				INSTALL_PATH = "$(LOCAL_LIBRARY_DIR)/Frameworks";
				MACH_O_TYPE = mh_object;
				MACOSX_DEPLOYMENT_TARGET = 10.10;
				PRODUCT_BUNDLE_IDENTIFIER = org.lowlevelbits.Fuzzer;
				PRODUCT_NAME = "$(TARGET_NAME)";
				SKIP_INSTALL = YES;
				VERSIONING_SYSTEM = "apple-generic";
				VERSION_INFO_PREFIX = "";
			};
			name = Debug;
		};
		46932EF91C8E175400B4903F /* Release */ = {
			isa = XCBuildConfiguration;
			buildSettings = {
				CODE_SIGN_IDENTITY = "-";
				COMBINE_HIDPI_IMAGES = YES;
				CURRENT_PROJECT_VERSION = 0.3.0;
				DEFINES_MODULE = YES;
				FRAMEWORK_VERSION = A;
				INFOPLIST_FILE = Fuzzer/Info.plist;
				INSTALL_PATH = "$(LOCAL_LIBRARY_DIR)/Frameworks";
				MACH_O_TYPE = mh_object;
				MACOSX_DEPLOYMENT_TARGET = 10.10;
				PRODUCT_BUNDLE_IDENTIFIER = org.lowlevelbits.Fuzzer;
				PRODUCT_NAME = "$(TARGET_NAME)";
				SKIP_INSTALL = YES;
				VERSIONING_SYSTEM = "apple-generic";
				VERSION_INFO_PREFIX = "";
			};
			name = Release;
		};
		46932F071C8E177200B4903F /* Debug */ = {
			isa = XCBuildConfiguration;
			buildSettings = {
				COMBINE_HIDPI_IMAGES = YES;
				INFOPLIST_FILE = FuzzerTests/Info.plist;
				LD_RUNPATH_SEARCH_PATHS = "$(inherited) @executable_path/../Frameworks @loader_path/../Frameworks";
				MACOSX_DEPLOYMENT_TARGET = 10.10;
				PRODUCT_BUNDLE_IDENTIFIER = org.lowlevelbits.FuzzerTests;
				PRODUCT_NAME = "$(TARGET_NAME)";
			};
			name = Debug;
		};
		46932F081C8E177200B4903F /* Release */ = {
			isa = XCBuildConfiguration;
			buildSettings = {
				COMBINE_HIDPI_IMAGES = YES;
				INFOPLIST_FILE = FuzzerTests/Info.plist;
				LD_RUNPATH_SEARCH_PATHS = "$(inherited) @executable_path/../Frameworks @loader_path/../Frameworks";
				MACOSX_DEPLOYMENT_TARGET = 10.10;
				PRODUCT_BUNDLE_IDENTIFIER = org.lowlevelbits.FuzzerTests;
				PRODUCT_NAME = "$(TARGET_NAME)";
			};
			name = Release;
		};
		7EAD8C081E8FC216004D7121 /* Debug */ = {
			isa = XCBuildConfiguration;
			buildSettings = {
				CLANG_ANALYZER_NONNULL = YES;
				IPHONEOS_DEPLOYMENT_TARGET = 6.0;
				OTHER_LDFLAGS = "-ObjC";
				PRODUCT_NAME = "$(TARGET_NAME)";
				SDKROOT = iphoneos;
				SKIP_INSTALL = YES;
			};
			name = Debug;
		};
		7EAD8C091E8FC216004D7121 /* Release */ = {
			isa = XCBuildConfiguration;
			buildSettings = {
				CLANG_ANALYZER_NONNULL = YES;
				IPHONEOS_DEPLOYMENT_TARGET = 6.0;
				OTHER_LDFLAGS = "-ObjC";
				PRODUCT_NAME = "$(TARGET_NAME)";
				SDKROOT = iphoneos;
				SKIP_INSTALL = YES;
				VALIDATE_PRODUCT = YES;
			};
			name = Release;
		};
		7EAD8C1F1E8FC364004D7121 /* Debug */ = {
			isa = XCBuildConfiguration;
			buildSettings = {
				COMBINE_HIDPI_IMAGES = YES;
				INFOPLIST_FILE = "FuzzerTests-ios-static-lib-Info.plist";
				LD_RUNPATH_SEARCH_PATHS = "$(inherited) @executable_path/../Frameworks @loader_path/../Frameworks";
				MACOSX_DEPLOYMENT_TARGET = 10.10;
				PRODUCT_BUNDLE_IDENTIFIER = org.lowlevelbits.FuzzerTests;
				PRODUCT_NAME = "$(TARGET_NAME)";
				SDKROOT = iphoneos;
			};
			name = Debug;
		};
		7EAD8C201E8FC364004D7121 /* Release */ = {
			isa = XCBuildConfiguration;
			buildSettings = {
				COMBINE_HIDPI_IMAGES = YES;
				INFOPLIST_FILE = "FuzzerTests-ios-static-lib-Info.plist";
				LD_RUNPATH_SEARCH_PATHS = "$(inherited) @executable_path/../Frameworks @loader_path/../Frameworks";
				MACOSX_DEPLOYMENT_TARGET = 10.10;
				PRODUCT_BUNDLE_IDENTIFIER = org.lowlevelbits.FuzzerTests;
				PRODUCT_NAME = "$(TARGET_NAME)";
				SDKROOT = iphoneos;
			};
			name = Release;
		};
		7EAD8C311E8FC5F8004D7121 /* Debug */ = {
			isa = XCBuildConfiguration;
			buildSettings = {
				COMBINE_HIDPI_IMAGES = YES;
				INFOPLIST_FILE = "FuzzerTests-ios-dynamic-Info.plist";
				LD_RUNPATH_SEARCH_PATHS = "$(inherited) @executable_path/../Frameworks @loader_path/../Frameworks";
				MACOSX_DEPLOYMENT_TARGET = 10.10;
				PRODUCT_BUNDLE_IDENTIFIER = org.lowlevelbits.FuzzerTests;
				PRODUCT_NAME = "$(TARGET_NAME)";
				SDKROOT = iphoneos;
			};
			name = Debug;
		};
		7EAD8C321E8FC5F8004D7121 /* Release */ = {
			isa = XCBuildConfiguration;
			buildSettings = {
				COMBINE_HIDPI_IMAGES = YES;
				INFOPLIST_FILE = "FuzzerTests-ios-dynamic-Info.plist";
				LD_RUNPATH_SEARCH_PATHS = "$(inherited) @executable_path/../Frameworks @loader_path/../Frameworks";
				MACOSX_DEPLOYMENT_TARGET = 10.10;
				PRODUCT_BUNDLE_IDENTIFIER = org.lowlevelbits.FuzzerTests;
				PRODUCT_NAME = "$(TARGET_NAME)";
				SDKROOT = iphoneos;
			};
			name = Release;
		};
/* End XCBuildConfiguration section */

/* Begin XCConfigurationList section */
		0DF3DB381E814F890027A321 /* Build configuration list for PBXNativeTarget "Fuzzer-iOS-dynamic" */ = {
			isa = XCConfigurationList;
			buildConfigurations = (
				0DF3DB391E814F890027A321 /* Debug */,
				0DF3DB3A1E814F890027A321 /* Release */,
			);
			defaultConfigurationIsVisible = 0;
			defaultConfigurationName = Release;
		};
		46932EDE1C8E146600B4903F /* Build configuration list for PBXProject "Fuzzer" */ = {
			isa = XCConfigurationList;
			buildConfigurations = (
				46932EE81C8E146600B4903F /* Debug */,
				46932EE91C8E146600B4903F /* Release */,
			);
			defaultConfigurationIsVisible = 0;
			defaultConfigurationName = Release;
		};
		46932EF71C8E175400B4903F /* Build configuration list for PBXNativeTarget "Fuzzer" */ = {
			isa = XCConfigurationList;
			buildConfigurations = (
				46932EF81C8E175400B4903F /* Debug */,
				46932EF91C8E175400B4903F /* Release */,
			);
			defaultConfigurationIsVisible = 0;
			defaultConfigurationName = Release;
		};
		46932F061C8E177200B4903F /* Build configuration list for PBXNativeTarget "FuzzerTests" */ = {
			isa = XCConfigurationList;
			buildConfigurations = (
				46932F071C8E177200B4903F /* Debug */,
				46932F081C8E177200B4903F /* Release */,
			);
			defaultConfigurationIsVisible = 0;
			defaultConfigurationName = Release;
		};
		7EAD8C0A1E8FC216004D7121 /* Build configuration list for PBXNativeTarget "Fuzzer-lib-ios-static" */ = {
			isa = XCConfigurationList;
			buildConfigurations = (
				7EAD8C081E8FC216004D7121 /* Debug */,
				7EAD8C091E8FC216004D7121 /* Release */,
			);
			defaultConfigurationIsVisible = 0;
		};
		7EAD8C1E1E8FC364004D7121 /* Build configuration list for PBXNativeTarget "FuzzerTests-ios-static-lib" */ = {
			isa = XCConfigurationList;
			buildConfigurations = (
				7EAD8C1F1E8FC364004D7121 /* Debug */,
				7EAD8C201E8FC364004D7121 /* Release */,
			);
			defaultConfigurationIsVisible = 0;
			defaultConfigurationName = Release;
		};
		7EAD8C301E8FC5F8004D7121 /* Build configuration list for PBXNativeTarget "FuzzerTests-ios-dynamic" */ = {
			isa = XCConfigurationList;
			buildConfigurations = (
				7EAD8C311E8FC5F8004D7121 /* Debug */,
				7EAD8C321E8FC5F8004D7121 /* Release */,
			);
			defaultConfigurationIsVisible = 0;
			defaultConfigurationName = Release;
		};
/* End XCConfigurationList section */
	};
	rootObject = 46932EDB1C8E146600B4903F /* Project object */;
}
