// !$*UTF8*$!
{
	archiveVersion = 1;
	classes = {
	};
	objectVersion = 46;
	objects = {

/* Begin PBXBuildFile section */
		46932F031C8E177200B4903F /* Fuzzer.framework in Frameworks */ = {isa = PBXBuildFile; fileRef = 46932EF21C8E175400B4903F /* Fuzzer.framework */; };
		46932F0A1C8ED98600B4903F /* Fuzzer.h in Headers */ = {isa = PBXBuildFile; fileRef = 46932F091C8ED95400B4903F /* Fuzzer.h */; settings = {ATTRIBUTES = (Public, ); }; };
		6B87608DD3921643F59EB9B9 /* FZRMutation.h in Headers */ = {isa = PBXBuildFile; fileRef = 6B87681319DA1072F4F59426 /* FZRMutation.h */; settings = {ATTRIBUTES = (Public, ); }; };
		6B87618A5EC7FD2E011CC654 /* FZRMutationGenerator.h in Headers */ = {isa = PBXBuildFile; fileRef = 6B876061A2D857330D6977AD /* FZRMutationGenerator.h */; settings = {ATTRIBUTES = (Public, ); }; };
		6B8762DBB369EFDE3E3A2566 /* FZREngine.h in Headers */ = {isa = PBXBuildFile; fileRef = 6B876E256795932B8DAF963A /* FZREngine.h */; settings = {ATTRIBUTES = (Public, ); }; };
		6B876379FF5E338C0F60A10E /* ReplaceNodeMutationTests.m in Sources */ = {isa = PBXBuildFile; fileRef = 6B87680A8A44042F628E0159 /* ReplaceNodeMutationTests.m */; };
		6B87642E0D5E91906D83315F /* FZRReplaceNodeMutation.m in Sources */ = {isa = PBXBuildFile; fileRef = 6B87664F901EF4B9F6271F49 /* FZRReplaceNodeMutation.m */; };
		6B876525137568207B62CF72 /* FZRDeleteNodeMutation.m in Sources */ = {isa = PBXBuildFile; fileRef = 6B87641E21B59E6FD23EF217 /* FZRDeleteNodeMutation.m */; };
		6B87652D9BCE053DCED546A4 /* FZRReport.m in Sources */ = {isa = PBXBuildFile; fileRef = 6B876D71E7777910F7AF2D6A /* FZRReport.m */; };
		6B8765EBD63E2D51DE633138 /* FZRReplaceNodeMutation.h in Headers */ = {isa = PBXBuildFile; fileRef = 6B876477B311AC55E096226B /* FZRReplaceNodeMutation.h */; settings = {ATTRIBUTES = (Private, ); }; };
		6B87672510C8B58EA2FDC383 /* FZRMutator.h in Headers */ = {isa = PBXBuildFile; fileRef = 6B87654D889EEFE5E90F346D /* FZRMutator.h */; settings = {ATTRIBUTES = (Public, ); }; };
		6B876758A59EF3364E168825 /* FZRNodeReplacement.m in Sources */ = {isa = PBXBuildFile; fileRef = 6B87609BA27EC2754EFE4B72 /* FZRNodeReplacement.m */; };
		6B8767AB591ED57B7794B1B4 /* EngineTests.m in Sources */ = {isa = PBXBuildFile; fileRef = 6B876290DB59DDE193054940 /* EngineTests.m */; };
		6B8768A226C9A2A7D3345D1B /* FZRDeleteNodeMutation.h in Headers */ = {isa = PBXBuildFile; fileRef = 6B87680E869BB15D27780608 /* FZRDeleteNodeMutation.h */; settings = {ATTRIBUTES = (Private, ); }; };
		6B876A25068ABE30C09A2DE5 /* GeneralMutatorTests.m in Sources */ = {isa = PBXBuildFile; fileRef = 6B876A65DFF7305329169FC2 /* GeneralMutatorTests.m */; };
		6B876A4A453725548741013D /* DeleteNodeMutationTests.m in Sources */ = {isa = PBXBuildFile; fileRef = 6B8765C661B120B05F887DBD /* DeleteNodeMutationTests.m */; };
		6B876AB73456F2BD5F2CFF2E /* FZREngine.m in Sources */ = {isa = PBXBuildFile; fileRef = 6B876AB0D5D58974757B1AC4 /* FZREngine.m */; };
		6B876B4C3C373728BC694E9B /* FZRMutator.m in Sources */ = {isa = PBXBuildFile; fileRef = 6B876D9F33F82EC0436329F1 /* FZRMutator.m */; };
		6B876B8761CF35AD9F96200E /* FZRNodeReplacement.h in Headers */ = {isa = PBXBuildFile; fileRef = 6B87649CEA878957F505C6AE /* FZRNodeReplacement.h */; settings = {ATTRIBUTES = (Public, ); }; };
		6B876B9DECE75F130742CD61 /* FZRMutationGenerator.m in Sources */ = {isa = PBXBuildFile; fileRef = 6B87637C515B1B7C9973123C /* FZRMutationGenerator.m */; };
		6B876C871EE43557E4ED4A8F /* MutationGeneratorTests.m in Sources */ = {isa = PBXBuildFile; fileRef = 6B8762983FAC96D378F79F3F /* MutationGeneratorTests.m */; };
		6B876D1017D5A4800AB4E745 /* FZRReport.h in Headers */ = {isa = PBXBuildFile; fileRef = 6B876EBA5CFF28D9A8CA710B /* FZRReport.h */; settings = {ATTRIBUTES = (Public, ); }; };
/* End PBXBuildFile section */

/* Begin PBXContainerItemProxy section */
		46932F041C8E177200B4903F /* PBXContainerItemProxy */ = {
			isa = PBXContainerItemProxy;
			containerPortal = 46932EDB1C8E146600B4903F /* Project object */;
			proxyType = 1;
			remoteGlobalIDString = 46932EF11C8E175400B4903F;
			remoteInfo = Mutation;
		};
/* End PBXContainerItemProxy section */

/* Begin PBXFileReference section */
		46932EF21C8E175400B4903F /* Fuzzer.framework */ = {isa = PBXFileReference; explicitFileType = wrapper.framework; includeInIndex = 0; path = Fuzzer.framework; sourceTree = BUILT_PRODUCTS_DIR; };
		46932EF61C8E175400B4903F /* Info.plist */ = {isa = PBXFileReference; lastKnownFileType = text.plist.xml; path = Info.plist; sourceTree = "<group>"; };
		46932EFE1C8E177200B4903F /* FuzzerTests.xctest */ = {isa = PBXFileReference; explicitFileType = wrapper.cfbundle; includeInIndex = 0; path = FuzzerTests.xctest; sourceTree = BUILT_PRODUCTS_DIR; };
		46932F021C8E177200B4903F /* Info.plist */ = {isa = PBXFileReference; lastKnownFileType = text.plist.xml; path = Info.plist; sourceTree = "<group>"; };
		46932F091C8ED95400B4903F /* Fuzzer.h */ = {isa = PBXFileReference; lastKnownFileType = sourcecode.c.h; path = Fuzzer.h; sourceTree = "<group>"; };
		6B876061A2D857330D6977AD /* FZRMutationGenerator.h */ = {isa = PBXFileReference; fileEncoding = 4; lastKnownFileType = sourcecode.c.h; path = FZRMutationGenerator.h; sourceTree = "<group>"; };
		6B87609BA27EC2754EFE4B72 /* FZRNodeReplacement.m */ = {isa = PBXFileReference; fileEncoding = 4; lastKnownFileType = sourcecode.c.objc; path = FZRNodeReplacement.m; sourceTree = "<group>"; };
		6B876290DB59DDE193054940 /* EngineTests.m */ = {isa = PBXFileReference; fileEncoding = 4; lastKnownFileType = sourcecode.c.objc; path = EngineTests.m; sourceTree = "<group>"; };
		6B8762983FAC96D378F79F3F /* MutationGeneratorTests.m */ = {isa = PBXFileReference; fileEncoding = 4; lastKnownFileType = sourcecode.c.objc; path = MutationGeneratorTests.m; sourceTree = "<group>"; };
		6B87637C515B1B7C9973123C /* FZRMutationGenerator.m */ = {isa = PBXFileReference; fileEncoding = 4; lastKnownFileType = sourcecode.c.objc; path = FZRMutationGenerator.m; sourceTree = "<group>"; };
		6B87641E21B59E6FD23EF217 /* FZRDeleteNodeMutation.m */ = {isa = PBXFileReference; fileEncoding = 4; lastKnownFileType = sourcecode.c.objc; path = FZRDeleteNodeMutation.m; sourceTree = "<group>"; };
		6B876477B311AC55E096226B /* FZRReplaceNodeMutation.h */ = {isa = PBXFileReference; fileEncoding = 4; lastKnownFileType = sourcecode.c.h; path = FZRReplaceNodeMutation.h; sourceTree = "<group>"; };
		6B87649CEA878957F505C6AE /* FZRNodeReplacement.h */ = {isa = PBXFileReference; fileEncoding = 4; lastKnownFileType = sourcecode.c.h; path = FZRNodeReplacement.h; sourceTree = "<group>"; };
		6B87654D889EEFE5E90F346D /* FZRMutator.h */ = {isa = PBXFileReference; fileEncoding = 4; lastKnownFileType = sourcecode.c.h; path = FZRMutator.h; sourceTree = "<group>"; };
		6B8765C661B120B05F887DBD /* DeleteNodeMutationTests.m */ = {isa = PBXFileReference; fileEncoding = 4; lastKnownFileType = sourcecode.c.objc; path = DeleteNodeMutationTests.m; sourceTree = "<group>"; };
		6B87664F901EF4B9F6271F49 /* FZRReplaceNodeMutation.m */ = {isa = PBXFileReference; fileEncoding = 4; lastKnownFileType = sourcecode.c.objc; path = FZRReplaceNodeMutation.m; sourceTree = "<group>"; };
		6B87680A8A44042F628E0159 /* ReplaceNodeMutationTests.m */ = {isa = PBXFileReference; fileEncoding = 4; lastKnownFileType = sourcecode.c.objc; path = ReplaceNodeMutationTests.m; sourceTree = "<group>"; };
		6B87680E869BB15D27780608 /* FZRDeleteNodeMutation.h */ = {isa = PBXFileReference; fileEncoding = 4; lastKnownFileType = sourcecode.c.h; path = FZRDeleteNodeMutation.h; sourceTree = "<group>"; };
		6B87681319DA1072F4F59426 /* FZRMutation.h */ = {isa = PBXFileReference; fileEncoding = 4; lastKnownFileType = sourcecode.c.h; path = FZRMutation.h; sourceTree = "<group>"; };
		6B876A65DFF7305329169FC2 /* GeneralMutatorTests.m */ = {isa = PBXFileReference; fileEncoding = 4; lastKnownFileType = sourcecode.c.objc; path = GeneralMutatorTests.m; sourceTree = "<group>"; };
		6B876AB0D5D58974757B1AC4 /* FZREngine.m */ = {isa = PBXFileReference; fileEncoding = 4; lastKnownFileType = sourcecode.c.objc; path = FZREngine.m; sourceTree = "<group>"; };
		6B876D71E7777910F7AF2D6A /* FZRReport.m */ = {isa = PBXFileReference; fileEncoding = 4; lastKnownFileType = sourcecode.c.objc; path = FZRReport.m; sourceTree = "<group>"; };
		6B876D9F33F82EC0436329F1 /* FZRMutator.m */ = {isa = PBXFileReference; fileEncoding = 4; lastKnownFileType = sourcecode.c.objc; path = FZRMutator.m; sourceTree = "<group>"; };
		6B876E256795932B8DAF963A /* FZREngine.h */ = {isa = PBXFileReference; fileEncoding = 4; lastKnownFileType = sourcecode.c.h; path = FZREngine.h; sourceTree = "<group>"; };
		6B876EBA5CFF28D9A8CA710B /* FZRReport.h */ = {isa = PBXFileReference; fileEncoding = 4; lastKnownFileType = sourcecode.c.h; path = FZRReport.h; sourceTree = "<group>"; };
/* End PBXFileReference section */

/* Begin PBXFrameworksBuildPhase section */
		46932EEE1C8E175400B4903F /* Frameworks */ = {
			isa = PBXFrameworksBuildPhase;
			buildActionMask = 2147483647;
			files = (
			);
			runOnlyForDeploymentPostprocessing = 0;
		};
		46932EFB1C8E177200B4903F /* Frameworks */ = {
			isa = PBXFrameworksBuildPhase;
			buildActionMask = 2147483647;
			files = (
				46932F031C8E177200B4903F /* Fuzzer.framework in Frameworks */,
			);
			runOnlyForDeploymentPostprocessing = 0;
		};
/* End PBXFrameworksBuildPhase section */

/* Begin PBXGroup section */
		46932EDA1C8E146600B4903F = {
			isa = PBXGroup;
			children = (
				46932EF31C8E175400B4903F /* Fuzzer */,
				46932EFF1C8E177200B4903F /* FuzzerTests */,
				46932EE41C8E146600B4903F /* Products */,
			);
			sourceTree = "<group>";
		};
		46932EE41C8E146600B4903F /* Products */ = {
			isa = PBXGroup;
			children = (
				46932EF21C8E175400B4903F /* Fuzzer.framework */,
				46932EFE1C8E177200B4903F /* FuzzerTests.xctest */,
			);
			name = Products;
			sourceTree = "<group>";
		};
		46932EF31C8E175400B4903F /* Fuzzer */ = {
			isa = PBXGroup;
			children = (
				46932F091C8ED95400B4903F /* Fuzzer.h */,
				46932EF61C8E175400B4903F /* Info.plist */,
				6B876B5880FE64F0776CDDBA /* Mutations */,
				6B876CFE3D5EF9DAC60989BB /* Replacements */,
				6B876581A00034218C699C93 /* Generators */,
				6B876BA8F70122898C7114B9 /* Engine */,
				6B876F126BB5EB436ACB5CE5 /* Mutator */,
			);
			path = Fuzzer;
			sourceTree = "<group>";
		};
		46932EFF1C8E177200B4903F /* FuzzerTests */ = {
			isa = PBXGroup;
			children = (
				46932F021C8E177200B4903F /* Info.plist */,
				6B8769D0E633E66D29E666E4 /* Mutations */,
				6B876FA82E188EA7A0B8B90F /* Generators */,
				6B8765C6E189A44AE02CB06F /* Mutators */,
				6B876D23512817D9CA836467 /* Engine */,
			);
			path = FuzzerTests;
			sourceTree = "<group>";
		};
		6B876581A00034218C699C93 /* Generators */ = {
			isa = PBXGroup;
			children = (
				6B876061A2D857330D6977AD /* FZRMutationGenerator.h */,
				6B87637C515B1B7C9973123C /* FZRMutationGenerator.m */,
			);
			path = Generators;
			sourceTree = "<group>";
		};
		6B8765C6E189A44AE02CB06F /* Mutators */ = {
			isa = PBXGroup;
			children = (
				6B876A65DFF7305329169FC2 /* GeneralMutatorTests.m */,
			);
			path = Mutators;
			sourceTree = "<group>";
		};
		6B8769D0E633E66D29E666E4 /* Mutations */ = {
			isa = PBXGroup;
			children = (
				6B8765C661B120B05F887DBD /* DeleteNodeMutationTests.m */,
				6B87680A8A44042F628E0159 /* ReplaceNodeMutationTests.m */,
			);
			path = Mutations;
			sourceTree = "<group>";
		};
		6B876B5880FE64F0776CDDBA /* Mutations */ = {
			isa = PBXGroup;
			children = (
				6B87681319DA1072F4F59426 /* FZRMutation.h */,
				6B87680E869BB15D27780608 /* FZRDeleteNodeMutation.h */,
				6B87641E21B59E6FD23EF217 /* FZRDeleteNodeMutation.m */,
				6B876477B311AC55E096226B /* FZRReplaceNodeMutation.h */,
				6B87664F901EF4B9F6271F49 /* FZRReplaceNodeMutation.m */,
			);
			path = Mutations;
			sourceTree = "<group>";
		};
		6B876BA8F70122898C7114B9 /* Engine */ = {
			isa = PBXGroup;
			children = (
				6B876AB0D5D58974757B1AC4 /* FZREngine.m */,
				6B876E256795932B8DAF963A /* FZREngine.h */,
				6B876D71E7777910F7AF2D6A /* FZRReport.m */,
				6B876EBA5CFF28D9A8CA710B /* FZRReport.h */,
			);
			path = Engine;
			sourceTree = "<group>";
		};
		6B876CFE3D5EF9DAC60989BB /* Replacements */ = {
			isa = PBXGroup;
			children = (
				6B87649CEA878957F505C6AE /* FZRNodeReplacement.h */,
				6B87609BA27EC2754EFE4B72 /* FZRNodeReplacement.m */,
			);
			path = Replacements;
			sourceTree = "<group>";
		};
		6B876D23512817D9CA836467 /* Engine */ = {
			isa = PBXGroup;
			children = (
				6B876290DB59DDE193054940 /* EngineTests.m */,
			);
			path = Engine;
			sourceTree = "<group>";
		};
		6B876F126BB5EB436ACB5CE5 /* Mutator */ = {
			isa = PBXGroup;
			children = (
				6B876D9F33F82EC0436329F1 /* FZRMutator.m */,
				6B87654D889EEFE5E90F346D /* FZRMutator.h */,
			);
			path = Mutator;
			sourceTree = "<group>";
		};
		6B876FA82E188EA7A0B8B90F /* Generators */ = {
			isa = PBXGroup;
			children = (
				6B8762983FAC96D378F79F3F /* MutationGeneratorTests.m */,
			);
			path = Generators;
			sourceTree = "<group>";
		};
/* End PBXGroup section */

/* Begin PBXHeadersBuildPhase section */
		46932EEF1C8E175400B4903F /* Headers */ = {
			isa = PBXHeadersBuildPhase;
			buildActionMask = 2147483647;
			files = (
				46932F0A1C8ED98600B4903F /* Fuzzer.h in Headers */,
				6B87608DD3921643F59EB9B9 /* FZRMutation.h in Headers */,
				6B876B8761CF35AD9F96200E /* FZRNodeReplacement.h in Headers */,
				6B87618A5EC7FD2E011CC654 /* FZRMutationGenerator.h in Headers */,
				6B8762DBB369EFDE3E3A2566 /* FZREngine.h in Headers */,
				6B876D1017D5A4800AB4E745 /* FZRReport.h in Headers */,
				6B8768A226C9A2A7D3345D1B /* FZRDeleteNodeMutation.h in Headers */,
				6B87672510C8B58EA2FDC383 /* FZRMutator.h in Headers */,
				6B8765EBD63E2D51DE633138 /* FZRReplaceNodeMutation.h in Headers */,
			);
			runOnlyForDeploymentPostprocessing = 0;
		};
/* End PBXHeadersBuildPhase section */

/* Begin PBXNativeTarget section */
		46932EF11C8E175400B4903F /* Fuzzer */ = {
			isa = PBXNativeTarget;
			buildConfigurationList = 46932EF71C8E175400B4903F /* Build configuration list for PBXNativeTarget "Fuzzer" */;
			buildPhases = (
				46932EED1C8E175400B4903F /* Sources */,
				46932EEE1C8E175400B4903F /* Frameworks */,
				46932EEF1C8E175400B4903F /* Headers */,
				46932EF01C8E175400B4903F /* Resources */,
			);
			buildRules = (
			);
			dependencies = (
			);
			name = Fuzzer;
			productName = Mutation;
			productReference = 46932EF21C8E175400B4903F /* Fuzzer.framework */;
			productType = "com.apple.product-type.framework";
		};
		46932EFD1C8E177200B4903F /* FuzzerTests */ = {
			isa = PBXNativeTarget;
			buildConfigurationList = 46932F061C8E177200B4903F /* Build configuration list for PBXNativeTarget "FuzzerTests" */;
			buildPhases = (
				46932EFA1C8E177200B4903F /* Sources */,
				46932EFB1C8E177200B4903F /* Frameworks */,
				46932EFC1C8E177200B4903F /* Resources */,
			);
			buildRules = (
			);
			dependencies = (
				46932F051C8E177200B4903F /* PBXTargetDependency */,
			);
			name = FuzzerTests;
			productName = MutationTests;
			productReference = 46932EFE1C8E177200B4903F /* FuzzerTests.xctest */;
			productType = "com.apple.product-type.bundle.unit-test";
		};
/* End PBXNativeTarget section */

/* Begin PBXProject section */
		46932EDB1C8E146600B4903F /* Project object */ = {
			isa = PBXProject;
			attributes = {
				LastUpgradeCheck = 0720;
				ORGANIZATIONNAME = lowlevelbits;
				TargetAttributes = {
					46932EF11C8E175400B4903F = {
						CreatedOnToolsVersion = 7.2.1;
					};
					46932EFD1C8E177200B4903F = {
						CreatedOnToolsVersion = 7.2.1;
					};
				};
			};
			buildConfigurationList = 46932EDE1C8E146600B4903F /* Build configuration list for PBXProject "Fuzzer" */;
			compatibilityVersion = "Xcode 3.2";
			developmentRegion = English;
			hasScannedForEncodings = 0;
			knownRegions = (
				en,
			);
			mainGroup = 46932EDA1C8E146600B4903F;
			productRefGroup = 46932EE41C8E146600B4903F /* Products */;
			projectDirPath = "";
			projectRoot = "";
			targets = (
				46932EF11C8E175400B4903F /* Fuzzer */,
				46932EFD1C8E177200B4903F /* FuzzerTests */,
			);
		};
/* End PBXProject section */

/* Begin PBXResourcesBuildPhase section */
		46932EF01C8E175400B4903F /* Resources */ = {
			isa = PBXResourcesBuildPhase;
			buildActionMask = 2147483647;
			files = (
			);
			runOnlyForDeploymentPostprocessing = 0;
		};
		46932EFC1C8E177200B4903F /* Resources */ = {
			isa = PBXResourcesBuildPhase;
			buildActionMask = 2147483647;
			files = (
			);
			runOnlyForDeploymentPostprocessing = 0;
		};
/* End PBXResourcesBuildPhase section */

/* Begin PBXSourcesBuildPhase section */
		46932EED1C8E175400B4903F /* Sources */ = {
			isa = PBXSourcesBuildPhase;
			buildActionMask = 2147483647;
			files = (
				6B876525137568207B62CF72 /* FZRDeleteNodeMutation.m in Sources */,
				6B87642E0D5E91906D83315F /* FZRReplaceNodeMutation.m in Sources */,
				6B876758A59EF3364E168825 /* FZRNodeReplacement.m in Sources */,
				6B876B9DECE75F130742CD61 /* FZRMutationGenerator.m in Sources */,
				6B876AB73456F2BD5F2CFF2E /* FZREngine.m in Sources */,
				6B87652D9BCE053DCED546A4 /* FZRReport.m in Sources */,
				6B876B4C3C373728BC694E9B /* FZRMutator.m in Sources */,
			);
			runOnlyForDeploymentPostprocessing = 0;
		};
		46932EFA1C8E177200B4903F /* Sources */ = {
			isa = PBXSourcesBuildPhase;
			buildActionMask = 2147483647;
			files = (
				6B876A4A453725548741013D /* DeleteNodeMutationTests.m in Sources */,
				6B876379FF5E338C0F60A10E /* ReplaceNodeMutationTests.m in Sources */,
				6B876C871EE43557E4ED4A8F /* MutationGeneratorTests.m in Sources */,
				6B876A25068ABE30C09A2DE5 /* GeneralMutatorTests.m in Sources */,
				6B8767AB591ED57B7794B1B4 /* EngineTests.m in Sources */,
			);
			runOnlyForDeploymentPostprocessing = 0;
		};
/* End PBXSourcesBuildPhase section */

/* Begin PBXTargetDependency section */
		46932F051C8E177200B4903F /* PBXTargetDependency */ = {
			isa = PBXTargetDependency;
			target = 46932EF11C8E175400B4903F /* Fuzzer */;
			targetProxy = 46932F041C8E177200B4903F /* PBXContainerItemProxy */;
		};
/* End PBXTargetDependency section */

/* Begin XCBuildConfiguration section */
		46932EE81C8E146600B4903F /* Debug */ = {
			isa = XCBuildConfiguration;
			buildSettings = {
				ALWAYS_SEARCH_USER_PATHS = NO;
				CLANG_CXX_LANGUAGE_STANDARD = "gnu++0x";
				CLANG_CXX_LIBRARY = "libc++";
				CLANG_ENABLE_MODULES = YES;
				CLANG_ENABLE_OBJC_ARC = YES;
				CLANG_WARN_BOOL_CONVERSION = YES;
				CLANG_WARN_CONSTANT_CONVERSION = YES;
				CLANG_WARN_DIRECT_OBJC_ISA_USAGE = YES_ERROR;
				CLANG_WARN_EMPTY_BODY = YES;
				CLANG_WARN_ENUM_CONVERSION = YES;
				CLANG_WARN_INT_CONVERSION = YES;
				CLANG_WARN_OBJC_ROOT_CLASS = YES_ERROR;
				CLANG_WARN_UNREACHABLE_CODE = YES;
				CLANG_WARN__DUPLICATE_METHOD_MATCH = YES;
				CODE_SIGN_IDENTITY = "-";
				COPY_PHASE_STRIP = NO;
				DEBUG_INFORMATION_FORMAT = dwarf;
				ENABLE_STRICT_OBJC_MSGSEND = YES;
				ENABLE_TESTABILITY = YES;
				GCC_C_LANGUAGE_STANDARD = gnu99;
				GCC_DYNAMIC_NO_PIC = NO;
				GCC_NO_COMMON_BLOCKS = YES;
				GCC_OPTIMIZATION_LEVEL = 0;
				GCC_PREPROCESSOR_DEFINITIONS = (
					"DEBUG=1",
					"$(inherited)",
				);
				GCC_WARN_64_TO_32_BIT_CONVERSION = YES;
				GCC_WARN_ABOUT_RETURN_TYPE = YES_ERROR;
				GCC_WARN_UNDECLARED_SELECTOR = YES;
				GCC_WARN_UNINITIALIZED_AUTOS = YES_AGGRESSIVE;
				GCC_WARN_UNUSED_FUNCTION = YES;
				GCC_WARN_UNUSED_VARIABLE = YES;
				MACOSX_DEPLOYMENT_TARGET = 10.11;
				MTL_ENABLE_DEBUG_INFO = YES;
				ONLY_ACTIVE_ARCH = YES;
				SDKROOT = macosx;
			};
			name = Debug;
		};
		46932EE91C8E146600B4903F /* Release */ = {
			isa = XCBuildConfiguration;
			buildSettings = {
				ALWAYS_SEARCH_USER_PATHS = NO;
				CLANG_CXX_LANGUAGE_STANDARD = "gnu++0x";
				CLANG_CXX_LIBRARY = "libc++";
				CLANG_ENABLE_MODULES = YES;
				CLANG_ENABLE_OBJC_ARC = YES;
				CLANG_WARN_BOOL_CONVERSION = YES;
				CLANG_WARN_CONSTANT_CONVERSION = YES;
				CLANG_WARN_DIRECT_OBJC_ISA_USAGE = YES_ERROR;
				CLANG_WARN_EMPTY_BODY = YES;
				CLANG_WARN_ENUM_CONVERSION = YES;
				CLANG_WARN_INT_CONVERSION = YES;
				CLANG_WARN_OBJC_ROOT_CLASS = YES_ERROR;
				CLANG_WARN_UNREACHABLE_CODE = YES;
				CLANG_WARN__DUPLICATE_METHOD_MATCH = YES;
				CODE_SIGN_IDENTITY = "-";
				COPY_PHASE_STRIP = NO;
				DEBUG_INFORMATION_FORMAT = "dwarf-with-dsym";
				ENABLE_NS_ASSERTIONS = NO;
				ENABLE_STRICT_OBJC_MSGSEND = YES;
				GCC_C_LANGUAGE_STANDARD = gnu99;
				GCC_NO_COMMON_BLOCKS = YES;
				GCC_WARN_64_TO_32_BIT_CONVERSION = YES;
				GCC_WARN_ABOUT_RETURN_TYPE = YES_ERROR;
				GCC_WARN_UNDECLARED_SELECTOR = YES;
				GCC_WARN_UNINITIALIZED_AUTOS = YES_AGGRESSIVE;
				GCC_WARN_UNUSED_FUNCTION = YES;
				GCC_WARN_UNUSED_VARIABLE = YES;
				MACOSX_DEPLOYMENT_TARGET = 10.11;
				MTL_ENABLE_DEBUG_INFO = NO;
				SDKROOT = macosx;
			};
			name = Release;
		};
		46932EF81C8E175400B4903F /* Debug */ = {
			isa = XCBuildConfiguration;
			buildSettings = {
				COMBINE_HIDPI_IMAGES = YES;
				CURRENT_PROJECT_VERSION = 0.2.0;
				DEFINES_MODULE = YES;
				FRAMEWORK_VERSION = A;
				INFOPLIST_FILE = Fuzzer/Info.plist;
				INSTALL_PATH = "$(LOCAL_LIBRARY_DIR)/Frameworks";
				MACH_O_TYPE = mh_object;
				MACOSX_DEPLOYMENT_TARGET = 10.10;
				PRODUCT_BUNDLE_IDENTIFIER = org.lowlevelbits.Fuzzer;
				PRODUCT_NAME = "$(TARGET_NAME)";
				SKIP_INSTALL = YES;
				VERSIONING_SYSTEM = "apple-generic";
				VERSION_INFO_PREFIX = "";
			};
			name = Debug;
		};
		46932EF91C8E175400B4903F /* Release */ = {
			isa = XCBuildConfiguration;
			buildSettings = {
				COMBINE_HIDPI_IMAGES = YES;
				CURRENT_PROJECT_VERSION = 0.2.0;
				DEFINES_MODULE = YES;
				FRAMEWORK_VERSION = A;
				INFOPLIST_FILE = Fuzzer/Info.plist;
				INSTALL_PATH = "$(LOCAL_LIBRARY_DIR)/Frameworks";
				MACH_O_TYPE = mh_object;
				MACOSX_DEPLOYMENT_TARGET = 10.10;
				PRODUCT_BUNDLE_IDENTIFIER = org.lowlevelbits.Fuzzer;
				PRODUCT_NAME = "$(TARGET_NAME)";
				SKIP_INSTALL = YES;
				VERSIONING_SYSTEM = "apple-generic";
				VERSION_INFO_PREFIX = "";
			};
			name = Release;
		};
		46932F071C8E177200B4903F /* Debug */ = {
			isa = XCBuildConfiguration;
			buildSettings = {
				COMBINE_HIDPI_IMAGES = YES;
				INFOPLIST_FILE = FuzzerTests/Info.plist;
				LD_RUNPATH_SEARCH_PATHS = "$(inherited) @executable_path/../Frameworks @loader_path/../Frameworks";
				MACOSX_DEPLOYMENT_TARGET = 10.10;
				PRODUCT_BUNDLE_IDENTIFIER = org.lowlevelbits.FuzzerTests;
				PRODUCT_NAME = "$(TARGET_NAME)";
			};
			name = Debug;
		};
		46932F081C8E177200B4903F /* Release */ = {
			isa = XCBuildConfiguration;
			buildSettings = {
				COMBINE_HIDPI_IMAGES = YES;
				INFOPLIST_FILE = FuzzerTests/Info.plist;
				LD_RUNPATH_SEARCH_PATHS = "$(inherited) @executable_path/../Frameworks @loader_path/../Frameworks";
				MACOSX_DEPLOYMENT_TARGET = 10.10;
				PRODUCT_BUNDLE_IDENTIFIER = org.lowlevelbits.FuzzerTests;
				PRODUCT_NAME = "$(TARGET_NAME)";
			};
			name = Release;
		};
/* End XCBuildConfiguration section */

/* Begin XCConfigurationList section */
		46932EDE1C8E146600B4903F /* Build configuration list for PBXProject "Fuzzer" */ = {
			isa = XCConfigurationList;
			buildConfigurations = (
				46932EE81C8E146600B4903F /* Debug */,
				46932EE91C8E146600B4903F /* Release */,
			);
			defaultConfigurationIsVisible = 0;
			defaultConfigurationName = Release;
		};
		46932EF71C8E175400B4903F /* Build configuration list for PBXNativeTarget "Fuzzer" */ = {
			isa = XCConfigurationList;
			buildConfigurations = (
				46932EF81C8E175400B4903F /* Debug */,
				46932EF91C8E175400B4903F /* Release */,
			);
			defaultConfigurationIsVisible = 0;
			defaultConfigurationName = Release;
		};
		46932F061C8E177200B4903F /* Build configuration list for PBXNativeTarget "FuzzerTests" */ = {
			isa = XCConfigurationList;
			buildConfigurations = (
				46932F071C8E177200B4903F /* Debug */,
				46932F081C8E177200B4903F /* Release */,
			);
			defaultConfigurationIsVisible = 0;
			defaultConfigurationName = Release;
		};
/* End XCConfigurationList section */
	};
	rootObject = 46932EDB1C8E146600B4903F /* Project object */;
}
